// !$*UTF8*$!
{
	archiveVersion = 1;
	classes = {
	};
	objectVersion = 46;
	objects = {

/* Begin PBXBuildFile section */
		1D69449A1EC0BA7900745806 /* main.m in Sources */ = {isa = PBXBuildFile; fileRef = 1D6944991EC0BA7900745806 /* main.m */; };
		1D69449D1EC0BA7900745806 /* AppDelegate.m in Sources */ = {isa = PBXBuildFile; fileRef = 1D69449C1EC0BA7900745806 /* AppDelegate.m */; };
		1D6944A01EC0BA7900745806 /* ViewController.m in Sources */ = {isa = PBXBuildFile; fileRef = 1D69449F1EC0BA7900745806 /* ViewController.m */; };
		1D6944A31EC0BA7900745806 /* Main.storyboard in Resources */ = {isa = PBXBuildFile; fileRef = 1D6944A11EC0BA7900745806 /* Main.storyboard */; };
		1D6944A51EC0BA7900745806 /* Assets.xcassets in Resources */ = {isa = PBXBuildFile; fileRef = 1D6944A41EC0BA7900745806 /* Assets.xcassets */; };
		1D6944A81EC0BA7900745806 /* LaunchScreen.storyboard in Resources */ = {isa = PBXBuildFile; fileRef = 1D6944A61EC0BA7900745806 /* LaunchScreen.storyboard */; };
		1D6944B31EC0BA7A00745806 /* MyWalletTests.m in Sources */ = {isa = PBXBuildFile; fileRef = 1D6944B21EC0BA7A00745806 /* MyWalletTests.m */; };
		1D6944BE1EC0BA7A00745806 /* MyWalletUITests.m in Sources */ = {isa = PBXBuildFile; fileRef = 1D6944BD1EC0BA7A00745806 /* MyWalletUITests.m */; };
		1D6944D61EC0BC2C00745806 /* MWBaseViewController.m in Sources */ = {isa = PBXBuildFile; fileRef = 1D6944D51EC0BC2C00745806 /* MWBaseViewController.m */; };
		1D6944DA1EC0BC5300745806 /* MWMainViewController.m in Sources */ = {isa = PBXBuildFile; fileRef = 1D6944D81EC0BC5300745806 /* MWMainViewController.m */; };
		1D6944DB1EC0BC5300745806 /* MWMainViewController.xib in Resources */ = {isa = PBXBuildFile; fileRef = 1D6944D91EC0BC5300745806 /* MWMainViewController.xib */; };
		1D6944DF1EC0BC6800745806 /* MWLeftViewController.m in Sources */ = {isa = PBXBuildFile; fileRef = 1D6944DD1EC0BC6800745806 /* MWLeftViewController.m */; };
		1D6944E01EC0BC6800745806 /* MWLeftViewController.xib in Resources */ = {isa = PBXBuildFile; fileRef = 1D6944DE1EC0BC6800745806 /* MWLeftViewController.xib */; };
		24DCDA3694DB5FA4A567B0FB /* libPods-MyWalletTests.a in Frameworks */ = {isa = PBXBuildFile; fileRef = 9C8FE02422B5B804AA209342 /* libPods-MyWalletTests.a */; };
		2C479180390A480194E8D50D /* libPods-MyWallet.a in Frameworks */ = {isa = PBXBuildFile; fileRef = 6AC112672F4CD03B81D56A6F /* libPods-MyWallet.a */; };
		DF90815440B992934E1FC125 /* libPods-MyWalletUITests.a in Frameworks */ = {isa = PBXBuildFile; fileRef = F2357A07CF476E4F733F2B44 /* libPods-MyWalletUITests.a */; };
/* End PBXBuildFile section */

/* Begin PBXContainerItemProxy section */
		1D6944AF1EC0BA7A00745806 /* PBXContainerItemProxy */ = {
			isa = PBXContainerItemProxy;
			containerPortal = 1D69448D1EC0BA7900745806 /* Project object */;
			proxyType = 1;
			remoteGlobalIDString = 1D6944941EC0BA7900745806;
			remoteInfo = MyWallet;
		};
		1D6944BA1EC0BA7A00745806 /* PBXContainerItemProxy */ = {
			isa = PBXContainerItemProxy;
			containerPortal = 1D69448D1EC0BA7900745806 /* Project object */;
			proxyType = 1;
			remoteGlobalIDString = 1D6944941EC0BA7900745806;
			remoteInfo = MyWallet;
		};
/* End PBXContainerItemProxy section */

/* Begin PBXFileReference section */
		1D6944951EC0BA7900745806 /* MyWallet.app */ = {isa = PBXFileReference; explicitFileType = wrapper.application; includeInIndex = 0; path = MyWallet.app; sourceTree = BUILT_PRODUCTS_DIR; };
		1D6944991EC0BA7900745806 /* main.m */ = {isa = PBXFileReference; lastKnownFileType = sourcecode.c.objc; path = main.m; sourceTree = "<group>"; };
		1D69449B1EC0BA7900745806 /* AppDelegate.h */ = {isa = PBXFileReference; lastKnownFileType = sourcecode.c.h; path = AppDelegate.h; sourceTree = "<group>"; };
		1D69449C1EC0BA7900745806 /* AppDelegate.m */ = {isa = PBXFileReference; lastKnownFileType = sourcecode.c.objc; path = AppDelegate.m; sourceTree = "<group>"; };
		1D69449E1EC0BA7900745806 /* ViewController.h */ = {isa = PBXFileReference; lastKnownFileType = sourcecode.c.h; path = ViewController.h; sourceTree = "<group>"; };
		1D69449F1EC0BA7900745806 /* ViewController.m */ = {isa = PBXFileReference; lastKnownFileType = sourcecode.c.objc; path = ViewController.m; sourceTree = "<group>"; };
		1D6944A21EC0BA7900745806 /* Base */ = {isa = PBXFileReference; lastKnownFileType = file.storyboard; name = Base; path = Base.lproj/Main.storyboard; sourceTree = "<group>"; };
		1D6944A41EC0BA7900745806 /* Assets.xcassets */ = {isa = PBXFileReference; lastKnownFileType = folder.assetcatalog; path = Assets.xcassets; sourceTree = "<group>"; };
		1D6944A71EC0BA7900745806 /* Base */ = {isa = PBXFileReference; lastKnownFileType = file.storyboard; name = Base; path = Base.lproj/LaunchScreen.storyboard; sourceTree = "<group>"; };
		1D6944A91EC0BA7900745806 /* Info.plist */ = {isa = PBXFileReference; lastKnownFileType = text.plist.xml; path = Info.plist; sourceTree = "<group>"; };
		1D6944AE1EC0BA7A00745806 /* MyWalletTests.xctest */ = {isa = PBXFileReference; explicitFileType = wrapper.cfbundle; includeInIndex = 0; path = MyWalletTests.xctest; sourceTree = BUILT_PRODUCTS_DIR; };
		1D6944B21EC0BA7A00745806 /* MyWalletTests.m */ = {isa = PBXFileReference; lastKnownFileType = sourcecode.c.objc; path = MyWalletTests.m; sourceTree = "<group>"; };
		1D6944B41EC0BA7A00745806 /* Info.plist */ = {isa = PBXFileReference; lastKnownFileType = text.plist.xml; path = Info.plist; sourceTree = "<group>"; };
		1D6944B91EC0BA7A00745806 /* MyWalletUITests.xctest */ = {isa = PBXFileReference; explicitFileType = wrapper.cfbundle; includeInIndex = 0; path = MyWalletUITests.xctest; sourceTree = BUILT_PRODUCTS_DIR; };
		1D6944BD1EC0BA7A00745806 /* MyWalletUITests.m */ = {isa = PBXFileReference; lastKnownFileType = sourcecode.c.objc; path = MyWalletUITests.m; sourceTree = "<group>"; };
		1D6944BF1EC0BA7A00745806 /* Info.plist */ = {isa = PBXFileReference; lastKnownFileType = text.plist.xml; path = Info.plist; sourceTree = "<group>"; };
		1D6944D41EC0BC2C00745806 /* MWBaseViewController.h */ = {isa = PBXFileReference; fileEncoding = 4; lastKnownFileType = sourcecode.c.h; path = MWBaseViewController.h; sourceTree = "<group>"; };
		1D6944D51EC0BC2C00745806 /* MWBaseViewController.m */ = {isa = PBXFileReference; fileEncoding = 4; lastKnownFileType = sourcecode.c.objc; path = MWBaseViewController.m; sourceTree = "<group>"; };
		1D6944D71EC0BC5300745806 /* MWMainViewController.h */ = {isa = PBXFileReference; fileEncoding = 4; lastKnownFileType = sourcecode.c.h; path = MWMainViewController.h; sourceTree = "<group>"; };
		1D6944D81EC0BC5300745806 /* MWMainViewController.m */ = {isa = PBXFileReference; fileEncoding = 4; lastKnownFileType = sourcecode.c.objc; path = MWMainViewController.m; sourceTree = "<group>"; };
		1D6944D91EC0BC5300745806 /* MWMainViewController.xib */ = {isa = PBXFileReference; fileEncoding = 4; lastKnownFileType = file.xib; path = MWMainViewController.xib; sourceTree = "<group>"; };
		1D6944DC1EC0BC6800745806 /* MWLeftViewController.h */ = {isa = PBXFileReference; fileEncoding = 4; lastKnownFileType = sourcecode.c.h; path = MWLeftViewController.h; sourceTree = "<group>"; };
		1D6944DD1EC0BC6800745806 /* MWLeftViewController.m */ = {isa = PBXFileReference; fileEncoding = 4; lastKnownFileType = sourcecode.c.objc; path = MWLeftViewController.m; sourceTree = "<group>"; };
		1D6944DE1EC0BC6800745806 /* MWLeftViewController.xib */ = {isa = PBXFileReference; fileEncoding = 4; lastKnownFileType = file.xib; path = MWLeftViewController.xib; sourceTree = "<group>"; };
		63B74E62D2EF5669AFFB3676 /* Pods-MyWallet.debug.xcconfig */ = {isa = PBXFileReference; includeInIndex = 1; lastKnownFileType = text.xcconfig; name = "Pods-MyWallet.debug.xcconfig"; path = "Pods/Target Support Files/Pods-MyWallet/Pods-MyWallet.debug.xcconfig"; sourceTree = "<group>"; };
		6AC112672F4CD03B81D56A6F /* libPods-MyWallet.a */ = {isa = PBXFileReference; explicitFileType = archive.ar; includeInIndex = 0; path = "libPods-MyWallet.a"; sourceTree = BUILT_PRODUCTS_DIR; };
		82953BA37995052836550C39 /* Pods-MyWalletTests.release.xcconfig */ = {isa = PBXFileReference; includeInIndex = 1; lastKnownFileType = text.xcconfig; name = "Pods-MyWalletTests.release.xcconfig"; path = "Pods/Target Support Files/Pods-MyWalletTests/Pods-MyWalletTests.release.xcconfig"; sourceTree = "<group>"; };
		9B5E625CC3BD52C711E28EB3 /* Pods-MyWalletTests.debug.xcconfig */ = {isa = PBXFileReference; includeInIndex = 1; lastKnownFileType = text.xcconfig; name = "Pods-MyWalletTests.debug.xcconfig"; path = "Pods/Target Support Files/Pods-MyWalletTests/Pods-MyWalletTests.debug.xcconfig"; sourceTree = "<group>"; };
		9B91E93FAC6A1CA1378DD6BB /* Pods-MyWallet.release.xcconfig */ = {isa = PBXFileReference; includeInIndex = 1; lastKnownFileType = text.xcconfig; name = "Pods-MyWallet.release.xcconfig"; path = "Pods/Target Support Files/Pods-MyWallet/Pods-MyWallet.release.xcconfig"; sourceTree = "<group>"; };
		9C8FE02422B5B804AA209342 /* libPods-MyWalletTests.a */ = {isa = PBXFileReference; explicitFileType = archive.ar; includeInIndex = 0; path = "libPods-MyWalletTests.a"; sourceTree = BUILT_PRODUCTS_DIR; };
		D5C426A1AF4761B13264679C /* Pods-MyWalletUITests.debug.xcconfig */ = {isa = PBXFileReference; includeInIndex = 1; lastKnownFileType = text.xcconfig; name = "Pods-MyWalletUITests.debug.xcconfig"; path = "Pods/Target Support Files/Pods-MyWalletUITests/Pods-MyWalletUITests.debug.xcconfig"; sourceTree = "<group>"; };
		DEBF547CDC37349446E52559 /* Pods-MyWalletUITests.release.xcconfig */ = {isa = PBXFileReference; includeInIndex = 1; lastKnownFileType = text.xcconfig; name = "Pods-MyWalletUITests.release.xcconfig"; path = "Pods/Target Support Files/Pods-MyWalletUITests/Pods-MyWalletUITests.release.xcconfig"; sourceTree = "<group>"; };
		F2357A07CF476E4F733F2B44 /* libPods-MyWalletUITests.a */ = {isa = PBXFileReference; explicitFileType = archive.ar; includeInIndex = 0; path = "libPods-MyWalletUITests.a"; sourceTree = BUILT_PRODUCTS_DIR; };
/* End PBXFileReference section */

/* Begin PBXFrameworksBuildPhase section */
		1D6944921EC0BA7900745806 /* Frameworks */ = {
			isa = PBXFrameworksBuildPhase;
			buildActionMask = 2147483647;
			files = (
				2C479180390A480194E8D50D /* libPods-MyWallet.a in Frameworks */,
			);
			runOnlyForDeploymentPostprocessing = 0;
		};
		1D6944AB1EC0BA7A00745806 /* Frameworks */ = {
			isa = PBXFrameworksBuildPhase;
			buildActionMask = 2147483647;
			files = (
				24DCDA3694DB5FA4A567B0FB /* libPods-MyWalletTests.a in Frameworks */,
			);
			runOnlyForDeploymentPostprocessing = 0;
		};
		1D6944B61EC0BA7A00745806 /* Frameworks */ = {
			isa = PBXFrameworksBuildPhase;
			buildActionMask = 2147483647;
			files = (
				DF90815440B992934E1FC125 /* libPods-MyWalletUITests.a in Frameworks */,
			);
			runOnlyForDeploymentPostprocessing = 0;
		};
/* End PBXFrameworksBuildPhase section */

/* Begin PBXGroup section */
		1D69448C1EC0BA7900745806 = {
			isa = PBXGroup;
			children = (
				1D6944971EC0BA7900745806 /* MyWallet */,
				1D6944B11EC0BA7A00745806 /* MyWalletTests */,
				1D6944BC1EC0BA7A00745806 /* MyWalletUITests */,
				1D6944961EC0BA7900745806 /* Products */,
				CBF06E28473BF1A96B4CFAD5 /* Pods */,
				C4BFEEB0BC78BEDE08636D52 /* Frameworks */,
			);
			sourceTree = "<group>";
		};
		1D6944961EC0BA7900745806 /* Products */ = {
			isa = PBXGroup;
			children = (
				1D6944951EC0BA7900745806 /* MyWallet.app */,
				1D6944AE1EC0BA7A00745806 /* MyWalletTests.xctest */,
				1D6944B91EC0BA7A00745806 /* MyWalletUITests.xctest */,
			);
			name = Products;
			sourceTree = "<group>";
		};
		1D6944971EC0BA7900745806 /* MyWallet */ = {
			isa = PBXGroup;
			children = (
				1D6944D31EC0BC1100745806 /* Base */,
				1D6944CF1EC0BBF700745806 /* Main */,
				1D6944CB1EC0BBF200745806 /* Left */,
				1D69449B1EC0BA7900745806 /* AppDelegate.h */,
				1D69449C1EC0BA7900745806 /* AppDelegate.m */,
				1D69449E1EC0BA7900745806 /* ViewController.h */,
				1D69449F1EC0BA7900745806 /* ViewController.m */,
				1D6944A11EC0BA7900745806 /* Main.storyboard */,
				1D6944A41EC0BA7900745806 /* Assets.xcassets */,
				1D6944A61EC0BA7900745806 /* LaunchScreen.storyboard */,
				1D6944A91EC0BA7900745806 /* Info.plist */,
				1D6944981EC0BA7900745806 /* Supporting Files */,
			);
			path = MyWallet;
			sourceTree = "<group>";
		};
		1D6944981EC0BA7900745806 /* Supporting Files */ = {
			isa = PBXGroup;
			children = (
				1D6944991EC0BA7900745806 /* main.m */,
			);
			name = "Supporting Files";
			sourceTree = "<group>";
		};
		1D6944B11EC0BA7A00745806 /* MyWalletTests */ = {
			isa = PBXGroup;
			children = (
				1D6944B21EC0BA7A00745806 /* MyWalletTests.m */,
				1D6944B41EC0BA7A00745806 /* Info.plist */,
			);
			path = MyWalletTests;
			sourceTree = "<group>";
		};
		1D6944BC1EC0BA7A00745806 /* MyWalletUITests */ = {
			isa = PBXGroup;
			children = (
				1D6944BD1EC0BA7A00745806 /* MyWalletUITests.m */,
				1D6944BF1EC0BA7A00745806 /* Info.plist */,
			);
			path = MyWalletUITests;
			sourceTree = "<group>";
		};
		1D6944CB1EC0BBF200745806 /* Left */ = {
			isa = PBXGroup;
			children = (
				1D6944CC1EC0BBF200745806 /* Controller */,
				1D6944CD1EC0BBF200745806 /* Model */,
				1D6944CE1EC0BBF200745806 /* View */,
			);
			path = Left;
			sourceTree = "<group>";
		};
		1D6944CC1EC0BBF200745806 /* Controller */ = {
			isa = PBXGroup;
			children = (
				1D6944DC1EC0BC6800745806 /* MWLeftViewController.h */,
				1D6944DD1EC0BC6800745806 /* MWLeftViewController.m */,
				1D6944DE1EC0BC6800745806 /* MWLeftViewController.xib */,
			);
			path = Controller;
			sourceTree = "<group>";
		};
		1D6944CD1EC0BBF200745806 /* Model */ = {
			isa = PBXGroup;
			children = (
			);
			path = Model;
			sourceTree = "<group>";
		};
		1D6944CE1EC0BBF200745806 /* View */ = {
			isa = PBXGroup;
			children = (
			);
			path = View;
			sourceTree = "<group>";
		};
		1D6944CF1EC0BBF700745806 /* Main */ = {
			isa = PBXGroup;
			children = (
				1D6944D01EC0BBF700745806 /* Controller */,
				1D6944D11EC0BBF700745806 /* Model */,
				1D6944D21EC0BBF700745806 /* View */,
			);
			path = Main;
			sourceTree = "<group>";
		};
		1D6944D01EC0BBF700745806 /* Controller */ = {
			isa = PBXGroup;
			children = (
				1D6944D71EC0BC5300745806 /* MWMainViewController.h */,
				1D6944D81EC0BC5300745806 /* MWMainViewController.m */,
				1D6944D91EC0BC5300745806 /* MWMainViewController.xib */,
			);
			path = Controller;
			sourceTree = "<group>";
		};
		1D6944D11EC0BBF700745806 /* Model */ = {
			isa = PBXGroup;
			children = (
			);
			path = Model;
			sourceTree = "<group>";
		};
		1D6944D21EC0BBF700745806 /* View */ = {
			isa = PBXGroup;
			children = (
			);
			path = View;
			sourceTree = "<group>";
		};
		1D6944D31EC0BC1100745806 /* Base */ = {
			isa = PBXGroup;
			children = (
				1D6944D41EC0BC2C00745806 /* MWBaseViewController.h */,
				1D6944D51EC0BC2C00745806 /* MWBaseViewController.m */,
			);
			path = Base;
			sourceTree = "<group>";
		};
		C4BFEEB0BC78BEDE08636D52 /* Frameworks */ = {
			isa = PBXGroup;
			children = (
				6AC112672F4CD03B81D56A6F /* libPods-MyWallet.a */,
				9C8FE02422B5B804AA209342 /* libPods-MyWalletTests.a */,
				F2357A07CF476E4F733F2B44 /* libPods-MyWalletUITests.a */,
			);
			name = Frameworks;
			sourceTree = "<group>";
		};
		CBF06E28473BF1A96B4CFAD5 /* Pods */ = {
			isa = PBXGroup;
			children = (
				63B74E62D2EF5669AFFB3676 /* Pods-MyWallet.debug.xcconfig */,
				9B91E93FAC6A1CA1378DD6BB /* Pods-MyWallet.release.xcconfig */,
				9B5E625CC3BD52C711E28EB3 /* Pods-MyWalletTests.debug.xcconfig */,
				82953BA37995052836550C39 /* Pods-MyWalletTests.release.xcconfig */,
				D5C426A1AF4761B13264679C /* Pods-MyWalletUITests.debug.xcconfig */,
				DEBF547CDC37349446E52559 /* Pods-MyWalletUITests.release.xcconfig */,
			);
			name = Pods;
			sourceTree = "<group>";
		};
/* End PBXGroup section */

/* Begin PBXNativeTarget section */
		1D6944941EC0BA7900745806 /* MyWallet */ = {
			isa = PBXNativeTarget;
			buildConfigurationList = 1D6944C21EC0BA7A00745806 /* Build configuration list for PBXNativeTarget "MyWallet" */;
			buildPhases = (
				49452C3F12F00DB0C856EBE1 /* [CP] Check Pods Manifest.lock */,
				1D6944911EC0BA7900745806 /* Sources */,
				1D6944921EC0BA7900745806 /* Frameworks */,
				1D6944931EC0BA7900745806 /* Resources */,
				E7DB91C218A55EFB9A60CB0C /* [CP] Embed Pods Frameworks */,
				4E34AFE7B7D4AEE22D40F0C8 /* [CP] Copy Pods Resources */,
			);
			buildRules = (
			);
			dependencies = (
			);
			name = MyWallet;
			productName = MyWallet;
			productReference = 1D6944951EC0BA7900745806 /* MyWallet.app */;
			productType = "com.apple.product-type.application";
		};
		1D6944AD1EC0BA7A00745806 /* MyWalletTests */ = {
			isa = PBXNativeTarget;
			buildConfigurationList = 1D6944C51EC0BA7A00745806 /* Build configuration list for PBXNativeTarget "MyWalletTests" */;
			buildPhases = (
				7136CC713873BC6EC9B11DB3 /* [CP] Check Pods Manifest.lock */,
				1D6944AA1EC0BA7A00745806 /* Sources */,
				1D6944AB1EC0BA7A00745806 /* Frameworks */,
				1D6944AC1EC0BA7A00745806 /* Resources */,
				62B4C10C30D38C5BC04ED44E /* [CP] Embed Pods Frameworks */,
				18560527B60D7179E19B2D09 /* [CP] Copy Pods Resources */,
			);
			buildRules = (
			);
			dependencies = (
				1D6944B01EC0BA7A00745806 /* PBXTargetDependency */,
			);
			name = MyWalletTests;
			productName = MyWalletTests;
			productReference = 1D6944AE1EC0BA7A00745806 /* MyWalletTests.xctest */;
			productType = "com.apple.product-type.bundle.unit-test";
		};
		1D6944B81EC0BA7A00745806 /* MyWalletUITests */ = {
			isa = PBXNativeTarget;
			buildConfigurationList = 1D6944C81EC0BA7A00745806 /* Build configuration list for PBXNativeTarget "MyWalletUITests" */;
			buildPhases = (
				E47A6BF49D86B4912D77341F /* [CP] Check Pods Manifest.lock */,
				1D6944B51EC0BA7A00745806 /* Sources */,
				1D6944B61EC0BA7A00745806 /* Frameworks */,
				1D6944B71EC0BA7A00745806 /* Resources */,
				53E57DF079D85E17442A587D /* [CP] Copy Pods Resources */,
			);
			buildRules = (
			);
			dependencies = (
				1D6944BB1EC0BA7A00745806 /* PBXTargetDependency */,
			);
			name = MyWalletUITests;
			productName = MyWalletUITests;
			productReference = 1D6944B91EC0BA7A00745806 /* MyWalletUITests.xctest */;
			productType = "com.apple.product-type.bundle.ui-testing";
		};
/* End PBXNativeTarget section */

/* Begin PBXProject section */
		1D69448D1EC0BA7900745806 /* Project object */ = {
			isa = PBXProject;
			attributes = {
				LastUpgradeCheck = 0830;
				ORGANIZATIONNAME = zhuchangwei;
				TargetAttributes = {
					1D6944941EC0BA7900745806 = {
						CreatedOnToolsVersion = 8.3.2;
						ProvisioningStyle = Automatic;
					};
					1D6944AD1EC0BA7A00745806 = {
						CreatedOnToolsVersion = 8.3.2;
						ProvisioningStyle = Automatic;
						TestTargetID = 1D6944941EC0BA7900745806;
					};
					1D6944B81EC0BA7A00745806 = {
						CreatedOnToolsVersion = 8.3.2;
						ProvisioningStyle = Automatic;
						TestTargetID = 1D6944941EC0BA7900745806;
					};
				};
			};
			buildConfigurationList = 1D6944901EC0BA7900745806 /* Build configuration list for PBXProject "MyWallet" */;
			compatibilityVersion = "Xcode 3.2";
			developmentRegion = English;
			hasScannedForEncodings = 0;
			knownRegions = (
				en,
				Base,
			);
			mainGroup = 1D69448C1EC0BA7900745806;
			productRefGroup = 1D6944961EC0BA7900745806 /* Products */;
			projectDirPath = "";
			projectRoot = "";
			targets = (
				1D6944941EC0BA7900745806 /* MyWallet */,
				1D6944AD1EC0BA7A00745806 /* MyWalletTests */,
				1D6944B81EC0BA7A00745806 /* MyWalletUITests */,
			);
		};
/* End PBXProject section */

/* Begin PBXResourcesBuildPhase section */
		1D6944931EC0BA7900745806 /* Resources */ = {
			isa = PBXResourcesBuildPhase;
			buildActionMask = 2147483647;
			files = (
				1D6944A81EC0BA7900745806 /* LaunchScreen.storyboard in Resources */,
				1D6944DB1EC0BC5300745806 /* MWMainViewController.xib in Resources */,
				1D6944A51EC0BA7900745806 /* Assets.xcassets in Resources */,
				1D6944A31EC0BA7900745806 /* Main.storyboard in Resources */,
				1D6944E01EC0BC6800745806 /* MWLeftViewController.xib in Resources */,
			);
			runOnlyForDeploymentPostprocessing = 0;
		};
		1D6944AC1EC0BA7A00745806 /* Resources */ = {
			isa = PBXResourcesBuildPhase;
			buildActionMask = 2147483647;
			files = (
			);
			runOnlyForDeploymentPostprocessing = 0;
		};
		1D6944B71EC0BA7A00745806 /* Resources */ = {
			isa = PBXResourcesBuildPhase;
			buildActionMask = 2147483647;
			files = (
			);
			runOnlyForDeploymentPostprocessing = 0;
		};
/* End PBXResourcesBuildPhase section */

/* Begin PBXShellScriptBuildPhase section */
		18560527B60D7179E19B2D09 /* [CP] Copy Pods Resources */ = {
			isa = PBXShellScriptBuildPhase;
			buildActionMask = 2147483647;
			files = (
			);
			inputPaths = (
			);
			name = "[CP] Copy Pods Resources";
			outputPaths = (
			);
			runOnlyForDeploymentPostprocessing = 0;
			shellPath = /bin/sh;
			shellScript = "\"${SRCROOT}/Pods/Target Support Files/Pods-MyWalletTests/Pods-MyWalletTests-resources.sh\"\n";
			showEnvVarsInLog = 0;
		};
		49452C3F12F00DB0C856EBE1 /* [CP] Check Pods Manifest.lock */ = {
			isa = PBXShellScriptBuildPhase;
			buildActionMask = 2147483647;
			files = (
			);
			inputPaths = (
			);
			name = "[CP] Check Pods Manifest.lock";
			outputPaths = (
			);
			runOnlyForDeploymentPostprocessing = 0;
			shellPath = /bin/sh;
			shellScript = "diff \"${PODS_ROOT}/../Podfile.lock\" \"${PODS_ROOT}/Manifest.lock\" > /dev/null\nif [[ $? != 0 ]] ; then\n    cat << EOM\nerror: The sandbox is not in sync with the Podfile.lock. Run 'pod install' or update your CocoaPods installation.\nEOM\n    exit 1\nfi\n";
			showEnvVarsInLog = 0;
		};
		4E34AFE7B7D4AEE22D40F0C8 /* [CP] Copy Pods Resources */ = {
			isa = PBXShellScriptBuildPhase;
			buildActionMask = 2147483647;
			files = (
			);
			inputPaths = (
			);
			name = "[CP] Copy Pods Resources";
			outputPaths = (
			);
			runOnlyForDeploymentPostprocessing = 0;
			shellPath = /bin/sh;
			shellScript = "\"${SRCROOT}/Pods/Target Support Files/Pods-MyWallet/Pods-MyWallet-resources.sh\"\n";
			showEnvVarsInLog = 0;
		};
		53E57DF079D85E17442A587D /* [CP] Copy Pods Resources */ = {
			isa = PBXShellScriptBuildPhase;
			buildActionMask = 2147483647;
			files = (
			);
			inputPaths = (
			);
			name = "[CP] Copy Pods Resources";
			outputPaths = (
			);
			runOnlyForDeploymentPostprocessing = 0;
			shellPath = /bin/sh;
			shellScript = "\"${SRCROOT}/Pods/Target Support Files/Pods-MyWalletUITests/Pods-MyWalletUITests-resources.sh\"\n";
			showEnvVarsInLog = 0;
		};
		62B4C10C30D38C5BC04ED44E /* [CP] Embed Pods Frameworks */ = {
			isa = PBXShellScriptBuildPhase;
			buildActionMask = 2147483647;
			files = (
			);
			inputPaths = (
			);
			name = "[CP] Embed Pods Frameworks";
			outputPaths = (
			);
			runOnlyForDeploymentPostprocessing = 0;
			shellPath = /bin/sh;
			shellScript = "\"${SRCROOT}/Pods/Target Support Files/Pods-MyWalletTests/Pods-MyWalletTests-frameworks.sh\"\n";
			showEnvVarsInLog = 0;
		};
		7136CC713873BC6EC9B11DB3 /* [CP] Check Pods Manifest.lock */ = {
			isa = PBXShellScriptBuildPhase;
			buildActionMask = 2147483647;
			files = (
			);
			inputPaths = (
			);
			name = "[CP] Check Pods Manifest.lock";
			outputPaths = (
			);
			runOnlyForDeploymentPostprocessing = 0;
			shellPath = /bin/sh;
			shellScript = "diff \"${PODS_ROOT}/../Podfile.lock\" \"${PODS_ROOT}/Manifest.lock\" > /dev/null\nif [[ $? != 0 ]] ; then\n    cat << EOM\nerror: The sandbox is not in sync with the Podfile.lock. Run 'pod install' or update your CocoaPods installation.\nEOM\n    exit 1\nfi\n";
			showEnvVarsInLog = 0;
		};
		E47A6BF49D86B4912D77341F /* [CP] Check Pods Manifest.lock */ = {
			isa = PBXShellScriptBuildPhase;
			buildActionMask = 2147483647;
			files = (
			);
			inputPaths = (
			);
			name = "[CP] Check Pods Manifest.lock";
			outputPaths = (
			);
			runOnlyForDeploymentPostprocessing = 0;
			shellPath = /bin/sh;
			shellScript = "diff \"${PODS_ROOT}/../Podfile.lock\" \"${PODS_ROOT}/Manifest.lock\" > /dev/null\nif [[ $? != 0 ]] ; then\n    cat << EOM\nerror: The sandbox is not in sync with the Podfile.lock. Run 'pod install' or update your CocoaPods installation.\nEOM\n    exit 1\nfi\n";
			showEnvVarsInLog = 0;
		};
		E7DB91C218A55EFB9A60CB0C /* [CP] Embed Pods Frameworks */ = {
			isa = PBXShellScriptBuildPhase;
			buildActionMask = 2147483647;
			files = (
			);
			inputPaths = (
			);
			name = "[CP] Embed Pods Frameworks";
			outputPaths = (
			);
			runOnlyForDeploymentPostprocessing = 0;
			shellPath = /bin/sh;
			shellScript = "\"${SRCROOT}/Pods/Target Support Files/Pods-MyWallet/Pods-MyWallet-frameworks.sh\"\n";
			showEnvVarsInLog = 0;
		};
/* End PBXShellScriptBuildPhase section */

/* Begin PBXSourcesBuildPhase section */
		1D6944911EC0BA7900745806 /* Sources */ = {
			isa = PBXSourcesBuildPhase;
			buildActionMask = 2147483647;
			files = (
				1D6944A01EC0BA7900745806 /* ViewController.m in Sources */,
				1D69449D1EC0BA7900745806 /* AppDelegate.m in Sources */,
				1D69449A1EC0BA7900745806 /* main.m in Sources */,
				1D6944DF1EC0BC6800745806 /* MWLeftViewController.m in Sources */,
				1D6944DA1EC0BC5300745806 /* MWMainViewController.m in Sources */,
				1D6944D61EC0BC2C00745806 /* MWBaseViewController.m in Sources */,
			);
			runOnlyForDeploymentPostprocessing = 0;
		};
		1D6944AA1EC0BA7A00745806 /* Sources */ = {
			isa = PBXSourcesBuildPhase;
			buildActionMask = 2147483647;
			files = (
				1D6944B31EC0BA7A00745806 /* MyWalletTests.m in Sources */,
			);
			runOnlyForDeploymentPostprocessing = 0;
		};
		1D6944B51EC0BA7A00745806 /* Sources */ = {
			isa = PBXSourcesBuildPhase;
			buildActionMask = 2147483647;
			files = (
				1D6944BE1EC0BA7A00745806 /* MyWalletUITests.m in Sources */,
			);
			runOnlyForDeploymentPostprocessing = 0;
		};
/* End PBXSourcesBuildPhase section */

/* Begin PBXTargetDependency section */
		1D6944B01EC0BA7A00745806 /* PBXTargetDependency */ = {
			isa = PBXTargetDependency;
			target = 1D6944941EC0BA7900745806 /* MyWallet */;
			targetProxy = 1D6944AF1EC0BA7A00745806 /* PBXContainerItemProxy */;
		};
		1D6944BB1EC0BA7A00745806 /* PBXTargetDependency */ = {
			isa = PBXTargetDependency;
			target = 1D6944941EC0BA7900745806 /* MyWallet */;
			targetProxy = 1D6944BA1EC0BA7A00745806 /* PBXContainerItemProxy */;
		};
/* End PBXTargetDependency section */

/* Begin PBXVariantGroup section */
		1D6944A11EC0BA7900745806 /* Main.storyboard */ = {
			isa = PBXVariantGroup;
			children = (
				1D6944A21EC0BA7900745806 /* Base */,
			);
			name = Main.storyboard;
			sourceTree = "<group>";
		};
		1D6944A61EC0BA7900745806 /* LaunchScreen.storyboard */ = {
			isa = PBXVariantGroup;
			children = (
				1D6944A71EC0BA7900745806 /* Base */,
			);
			name = LaunchScreen.storyboard;
			sourceTree = "<group>";
		};
/* End PBXVariantGroup section */

/* Begin XCBuildConfiguration section */
		1D6944C01EC0BA7A00745806 /* Debug */ = {
			isa = XCBuildConfiguration;
			buildSettings = {
				ALWAYS_SEARCH_USER_PATHS = NO;
				CLANG_ANALYZER_NONNULL = YES;
				CLANG_ANALYZER_NUMBER_OBJECT_CONVERSION = YES_AGGRESSIVE;
				CLANG_CXX_LANGUAGE_STANDARD = "gnu++0x";
				CLANG_CXX_LIBRARY = "libc++";
				CLANG_ENABLE_MODULES = YES;
				CLANG_ENABLE_OBJC_ARC = YES;
				CLANG_WARN_BOOL_CONVERSION = YES;
				CLANG_WARN_CONSTANT_CONVERSION = YES;
				CLANG_WARN_DIRECT_OBJC_ISA_USAGE = YES_ERROR;
				CLANG_WARN_DOCUMENTATION_COMMENTS = YES;
				CLANG_WARN_EMPTY_BODY = YES;
				CLANG_WARN_ENUM_CONVERSION = YES;
				CLANG_WARN_INFINITE_RECURSION = YES;
				CLANG_WARN_INT_CONVERSION = YES;
				CLANG_WARN_OBJC_ROOT_CLASS = YES_ERROR;
				CLANG_WARN_SUSPICIOUS_MOVE = YES;
				CLANG_WARN_UNREACHABLE_CODE = YES;
				CLANG_WARN__DUPLICATE_METHOD_MATCH = YES;
				"CODE_SIGN_IDENTITY[sdk=iphoneos*]" = "iPhone Developer";
				COPY_PHASE_STRIP = NO;
				DEBUG_INFORMATION_FORMAT = dwarf;
				ENABLE_STRICT_OBJC_MSGSEND = YES;
				ENABLE_TESTABILITY = YES;
				GCC_C_LANGUAGE_STANDARD = gnu99;
				GCC_DYNAMIC_NO_PIC = NO;
				GCC_NO_COMMON_BLOCKS = YES;
				GCC_OPTIMIZATION_LEVEL = 0;
				GCC_PREPROCESSOR_DEFINITIONS = (
					"DEBUG=1",
					"$(inherited)",
				);
				GCC_WARN_64_TO_32_BIT_CONVERSION = YES;
				GCC_WARN_ABOUT_RETURN_TYPE = YES_ERROR;
				GCC_WARN_UNDECLARED_SELECTOR = YES;
				GCC_WARN_UNINITIALIZED_AUTOS = YES_AGGRESSIVE;
				GCC_WARN_UNUSED_FUNCTION = YES;
				GCC_WARN_UNUSED_VARIABLE = YES;
				IPHONEOS_DEPLOYMENT_TARGET = 10.3;
				MTL_ENABLE_DEBUG_INFO = YES;
				ONLY_ACTIVE_ARCH = YES;
				SDKROOT = iphoneos;
				TARGETED_DEVICE_FAMILY = "1,2";
			};
			name = Debug;
		};
		1D6944C11EC0BA7A00745806 /* Release */ = {
			isa = XCBuildConfiguration;
			buildSettings = {
				ALWAYS_SEARCH_USER_PATHS = NO;
				CLANG_ANALYZER_NONNULL = YES;
				CLANG_ANALYZER_NUMBER_OBJECT_CONVERSION = YES_AGGRESSIVE;
				CLANG_CXX_LANGUAGE_STANDARD = "gnu++0x";
				CLANG_CXX_LIBRARY = "libc++";
				CLANG_ENABLE_MODULES = YES;
				CLANG_ENABLE_OBJC_ARC = YES;
				CLANG_WARN_BOOL_CONVERSION = YES;
				CLANG_WARN_CONSTANT_CONVERSION = YES;
				CLANG_WARN_DIRECT_OBJC_ISA_USAGE = YES_ERROR;
				CLANG_WARN_DOCUMENTATION_COMMENTS = YES;
				CLANG_WARN_EMPTY_BODY = YES;
				CLANG_WARN_ENUM_CONVERSION = YES;
				CLANG_WARN_INFINITE_RECURSION = YES;
				CLANG_WARN_INT_CONVERSION = YES;
				CLANG_WARN_OBJC_ROOT_CLASS = YES_ERROR;
				CLANG_WARN_SUSPICIOUS_MOVE = YES;
				CLANG_WARN_UNREACHABLE_CODE = YES;
				CLANG_WARN__DUPLICATE_METHOD_MATCH = YES;
				"CODE_SIGN_IDENTITY[sdk=iphoneos*]" = "iPhone Developer";
				COPY_PHASE_STRIP = NO;
				DEBUG_INFORMATION_FORMAT = "dwarf-with-dsym";
				ENABLE_NS_ASSERTIONS = NO;
				ENABLE_STRICT_OBJC_MSGSEND = YES;
				GCC_C_LANGUAGE_STANDARD = gnu99;
				GCC_NO_COMMON_BLOCKS = YES;
				GCC_WARN_64_TO_32_BIT_CONVERSION = YES;
				GCC_WARN_ABOUT_RETURN_TYPE = YES_ERROR;
				GCC_WARN_UNDECLARED_SELECTOR = YES;
				GCC_WARN_UNINITIALIZED_AUTOS = YES_AGGRESSIVE;
				GCC_WARN_UNUSED_FUNCTION = YES;
				GCC_WARN_UNUSED_VARIABLE = YES;
				IPHONEOS_DEPLOYMENT_TARGET = 10.3;
				MTL_ENABLE_DEBUG_INFO = NO;
				SDKROOT = iphoneos;
				TARGETED_DEVICE_FAMILY = "1,2";
				VALIDATE_PRODUCT = YES;
			};
			name = Release;
		};
		1D6944C31EC0BA7A00745806 /* Debug */ = {
			isa = XCBuildConfiguration;
			baseConfigurationReference = 63B74E62D2EF5669AFFB3676 /* Pods-MyWallet.debug.xcconfig */;
			buildSettings = {
				ASSETCATALOG_COMPILER_APPICON_NAME = AppIcon;
				INFOPLIST_FILE = MyWallet/Info.plist;
				LD_RUNPATH_SEARCH_PATHS = "$(inherited) @executable_path/Frameworks";
				PRODUCT_BUNDLE_IDENTIFIER = zcw.MyWallet;
				PRODUCT_NAME = "$(TARGET_NAME)";
			};
			name = Debug;
		};
		1D6944C41EC0BA7A00745806 /* Release */ = {
			isa = XCBuildConfiguration;
			baseConfigurationReference = 9B91E93FAC6A1CA1378DD6BB /* Pods-MyWallet.release.xcconfig */;
			buildSettings = {
				ASSETCATALOG_COMPILER_APPICON_NAME = AppIcon;
				INFOPLIST_FILE = MyWallet/Info.plist;
				LD_RUNPATH_SEARCH_PATHS = "$(inherited) @executable_path/Frameworks";
				PRODUCT_BUNDLE_IDENTIFIER = zcw.MyWallet;
				PRODUCT_NAME = "$(TARGET_NAME)";
			};
			name = Release;
		};
		1D6944C61EC0BA7A00745806 /* Debug */ = {
			isa = XCBuildConfiguration;
			baseConfigurationReference = 9B5E625CC3BD52C711E28EB3 /* Pods-MyWalletTests.debug.xcconfig */;
			buildSettings = {
				BUNDLE_LOADER = "$(TEST_HOST)";
				INFOPLIST_FILE = MyWalletTests/Info.plist;
				LD_RUNPATH_SEARCH_PATHS = "$(inherited) @executable_path/Frameworks @loader_path/Frameworks";
				PRODUCT_BUNDLE_IDENTIFIER = zcw.MyWalletTests;
				PRODUCT_NAME = "$(TARGET_NAME)";
				TEST_HOST = "$(BUILT_PRODUCTS_DIR)/MyWallet.app/MyWallet";
			};
			name = Debug;
		};
		1D6944C71EC0BA7A00745806 /* Release */ = {
			isa = XCBuildConfiguration;
			baseConfigurationReference = 82953BA37995052836550C39 /* Pods-MyWalletTests.release.xcconfig */;
			buildSettings = {
				BUNDLE_LOADER = "$(TEST_HOST)";
				INFOPLIST_FILE = MyWalletTests/Info.plist;
				LD_RUNPATH_SEARCH_PATHS = "$(inherited) @executable_path/Frameworks @loader_path/Frameworks";
				PRODUCT_BUNDLE_IDENTIFIER = zcw.MyWalletTests;
				PRODUCT_NAME = "$(TARGET_NAME)";
				TEST_HOST = "$(BUILT_PRODUCTS_DIR)/MyWallet.app/MyWallet";
			};
			name = Release;
		};
		1D6944C91EC0BA7A00745806 /* Debug */ = {
			isa = XCBuildConfiguration;
			baseConfigurationReference = D5C426A1AF4761B13264679C /* Pods-MyWalletUITests.debug.xcconfig */;
			buildSettings = {
				INFOPLIST_FILE = MyWalletUITests/Info.plist;
				LD_RUNPATH_SEARCH_PATHS = "$(inherited) @executable_path/Frameworks @loader_path/Frameworks";
				PRODUCT_BUNDLE_IDENTIFIER = zcw.MyWalletUITests;
				PRODUCT_NAME = "$(TARGET_NAME)";
				TEST_TARGET_NAME = MyWallet;
			};
			name = Debug;
		};
		1D6944CA1EC0BA7A00745806 /* Release */ = {
			isa = XCBuildConfiguration;
			baseConfigurationReference = DEBF547CDC37349446E52559 /* Pods-MyWalletUITests.release.xcconfig */;
			buildSettings = {
				INFOPLIST_FILE = MyWalletUITests/Info.plist;
				LD_RUNPATH_SEARCH_PATHS = "$(inherited) @executable_path/Frameworks @loader_path/Frameworks";
				PRODUCT_BUNDLE_IDENTIFIER = zcw.MyWalletUITests;
				PRODUCT_NAME = "$(TARGET_NAME)";
				TEST_TARGET_NAME = MyWallet;
			};
			name = Release;
		};
/* End XCBuildConfiguration section */

/* Begin XCConfigurationList section */
		1D6944901EC0BA7900745806 /* Build configuration list for PBXProject "MyWallet" */ = {
			isa = XCConfigurationList;
			buildConfigurations = (
				1D6944C01EC0BA7A00745806 /* Debug */,
				1D6944C11EC0BA7A00745806 /* Release */,
			);
			defaultConfigurationIsVisible = 0;
			defaultConfigurationName = Release;
		};
		1D6944C21EC0BA7A00745806 /* Build configuration list for PBXNativeTarget "MyWallet" */ = {
			isa = XCConfigurationList;
			buildConfigurations = (
				1D6944C31EC0BA7A00745806 /* Debug */,
				1D6944C41EC0BA7A00745806 /* Release */,
			);
			defaultConfigurationIsVisible = 0;
			defaultConfigurationName = Release;
		};
		1D6944C51EC0BA7A00745806 /* Build configuration list for PBXNativeTarget "MyWalletTests" */ = {
			isa = XCConfigurationList;
			buildConfigurations = (
				1D6944C61EC0BA7A00745806 /* Debug */,
				1D6944C71EC0BA7A00745806 /* Release */,
			);
			defaultConfigurationIsVisible = 0;
			defaultConfigurationName = Release;
		};
		1D6944C81EC0BA7A00745806 /* Build configuration list for PBXNativeTarget "MyWalletUITests" */ = {
			isa = XCConfigurationList;
			buildConfigurations = (
				1D6944C91EC0BA7A00745806 /* Debug */,
				1D6944CA1EC0BA7A00745806 /* Release */,
			);
			defaultConfigurationIsVisible = 0;
			defaultConfigurationName = Release;
		};
/* End XCConfigurationList section */
	};
	rootObject = 1D69448D1EC0BA7900745806 /* Project object */;
}
